
Microsoft Visual Studio Solution File, Format Version 12.00
Project("{FAE04EC0-301F-11D3-BF4B-00C04F79EFBC}") = "WebApp", "WebApp\WebApp.csproj", "{EBA6007E-BFAF-4043-A833-62D159049550}"
EndProject
Project("{FAE04EC0-301F-11D3-BF4B-00C04F79EFBC}") = "DAL.App.EF", "DAL.App.EF\DAL.App.EF.csproj", "{29DEB290-F1BF-473F-8367-F98F866E0AD8}"
EndProject
Project("{FAE04EC0-301F-11D3-BF4B-00C04F79EFBC}") = "Contracts.DAL.Base", "Contracts.DAL.Base\Contracts.DAL.Base.csproj", "{EDAE7AC6-6894-40BB-B971-FCD40D4F88B3}"
EndProject
Project("{FAE04EC0-301F-11D3-BF4B-00C04F79EFBC}") = "Contracts.Domain.Base", "Contracts.Domain.Base\Contracts.Domain.Base.csproj", "{045B8CC4-1108-4DE4-B530-1DD4C63F9522}"
EndProject
Project("{FAE04EC0-301F-11D3-BF4B-00C04F79EFBC}") = "DAL.Base.EF", "DAL.Base.EF\DAL.Base.EF.csproj", "{2B679F90-220F-478E-A086-C6B569E79CA4}"
EndProject
Project("{FAE04EC0-301F-11D3-BF4B-00C04F79EFBC}") = "Domain.App", "Domain.App\Domain.App.csproj", "{D29388F0-E530-41A2-8627-9240A0B5F0D6}"
EndProject
Project("{FAE04EC0-301F-11D3-BF4B-00C04F79EFBC}") = "Domain.Base", "Domain.Base\Domain.Base.csproj", "{D5610A72-78BE-49EC-B668-07B040CCEBBB}"
EndProject
Project("{FAE04EC0-301F-11D3-BF4B-00C04F79EFBC}") = "Contracts.DAL.App", "Contracts.DAL.App\Contracts.DAL.App.csproj", "{CF515D09-06A1-423A-A9AA-2A9317A54462}"
EndProject
Project("{2150E333-8FDC-42A3-9474-1A3956D46DE8}") = "App", "App", "{CEB3D2B4-F9FA-4872-B890-815ED0BF554F}"
EndProject
Project("{2150E333-8FDC-42A3-9474-1A3956D46DE8}") = "Base", "Base", "{C836284C-FE91-46FF-9271-52D009270C48}"
EndProject
Project("{FAE04EC0-301F-11D3-BF4B-00C04F79EFBC}") = "DAL.Base", "DAL.Base\DAL.Base.csproj", "{AE77C372-CD15-4B18-BDE6-47B5E3AD7F15}"
EndProject
Global
	GlobalSection(SolutionConfigurationPlatforms) = preSolution
		Debug|Any CPU = Debug|Any CPU
		Release|Any CPU = Release|Any CPU
	EndGlobalSection
	GlobalSection(ProjectConfigurationPlatforms) = postSolution
		{EBA6007E-BFAF-4043-A833-62D159049550}.Debug|Any CPU.ActiveCfg = Debug|Any CPU
		{EBA6007E-BFAF-4043-A833-62D159049550}.Debug|Any CPU.Build.0 = Debug|Any CPU
		{EBA6007E-BFAF-4043-A833-62D159049550}.Release|Any CPU.ActiveCfg = Release|Any CPU
		{EBA6007E-BFAF-4043-A833-62D159049550}.Release|Any CPU.Build.0 = Release|Any CPU
		{29DEB290-F1BF-473F-8367-F98F866E0AD8}.Debug|Any CPU.ActiveCfg = Debug|Any CPU
		{29DEB290-F1BF-473F-8367-F98F866E0AD8}.Debug|Any CPU.Build.0 = Debug|Any CPU
		{29DEB290-F1BF-473F-8367-F98F866E0AD8}.Release|Any CPU.ActiveCfg = Release|Any CPU
		{29DEB290-F1BF-473F-8367-F98F866E0AD8}.Release|Any CPU.Build.0 = Release|Any CPU
		{EDAE7AC6-6894-40BB-B971-FCD40D4F88B3}.Debug|Any CPU.ActiveCfg = Debug|Any CPU
		{EDAE7AC6-6894-40BB-B971-FCD40D4F88B3}.Debug|Any CPU.Build.0 = Debug|Any CPU
		{EDAE7AC6-6894-40BB-B971-FCD40D4F88B3}.Release|Any CPU.ActiveCfg = Release|Any CPU
		{EDAE7AC6-6894-40BB-B971-FCD40D4F88B3}.Release|Any CPU.Build.0 = Release|Any CPU
		{045B8CC4-1108-4DE4-B530-1DD4C63F9522}.Debug|Any CPU.ActiveCfg = Debug|Any CPU
		{045B8CC4-1108-4DE4-B530-1DD4C63F9522}.Debug|Any CPU.Build.0 = Debug|Any CPU
		{045B8CC4-1108-4DE4-B530-1DD4C63F9522}.Release|Any CPU.ActiveCfg = Release|Any CPU
		{045B8CC4-1108-4DE4-B530-1DD4C63F9522}.Release|Any CPU.Build.0 = Release|Any CPU
		{2B679F90-220F-478E-A086-C6B569E79CA4}.Debug|Any CPU.ActiveCfg = Debug|Any CPU
		{2B679F90-220F-478E-A086-C6B569E79CA4}.Debug|Any CPU.Build.0 = Debug|Any CPU
		{2B679F90-220F-478E-A086-C6B569E79CA4}.Release|Any CPU.ActiveCfg = Release|Any CPU
		{2B679F90-220F-478E-A086-C6B569E79CA4}.Release|Any CPU.Build.0 = Release|Any CPU
		{D29388F0-E530-41A2-8627-9240A0B5F0D6}.Debug|Any CPU.ActiveCfg = Debug|Any CPU
		{D29388F0-E530-41A2-8627-9240A0B5F0D6}.Debug|Any CPU.Build.0 = Debug|Any CPU
		{D29388F0-E530-41A2-8627-9240A0B5F0D6}.Release|Any CPU.ActiveCfg = Release|Any CPU
		{D29388F0-E530-41A2-8627-9240A0B5F0D6}.Release|Any CPU.Build.0 = Release|Any CPU
		{D5610A72-78BE-49EC-B668-07B040CCEBBB}.Debug|Any CPU.ActiveCfg = Debug|Any CPU
		{D5610A72-78BE-49EC-B668-07B040CCEBBB}.Debug|Any CPU.Build.0 = Debug|Any CPU
		{D5610A72-78BE-49EC-B668-07B040CCEBBB}.Release|Any CPU.ActiveCfg = Release|Any CPU
		{D5610A72-78BE-49EC-B668-07B040CCEBBB}.Release|Any CPU.Build.0 = Release|Any CPU
		{CF515D09-06A1-423A-A9AA-2A9317A54462}.Debug|Any CPU.ActiveCfg = Debug|Any CPU
		{CF515D09-06A1-423A-A9AA-2A9317A54462}.Debug|Any CPU.Build.0 = Debug|Any CPU
		{CF515D09-06A1-423A-A9AA-2A9317A54462}.Release|Any CPU.ActiveCfg = Release|Any CPU
		{CF515D09-06A1-423A-A9AA-2A9317A54462}.Release|Any CPU.Build.0 = Release|Any CPU
		{AE77C372-CD15-4B18-BDE6-47B5E3AD7F15}.Debug|Any CPU.ActiveCfg = Debug|Any CPU
		{AE77C372-CD15-4B18-BDE6-47B5E3AD7F15}.Debug|Any CPU.Build.0 = Debug|Any CPU
		{AE77C372-CD15-4B18-BDE6-47B5E3AD7F15}.Release|Any CPU.ActiveCfg = Release|Any CPU
		{AE77C372-CD15-4B18-BDE6-47B5E3AD7F15}.Release|Any CPU.Build.0 = Release|Any CPU
	EndGlobalSection
	GlobalSection(NestedProjects) = preSolution
		{EDAE7AC6-6894-40BB-B971-FCD40D4F88B3} = {C836284C-FE91-46FF-9271-52D009270C48}
		{045B8CC4-1108-4DE4-B530-1DD4C63F9522} = {C836284C-FE91-46FF-9271-52D009270C48}
		{2B679F90-220F-478E-A086-C6B569E79CA4} = {C836284C-FE91-46FF-9271-52D009270C48}
		{D5610A72-78BE-49EC-B668-07B040CCEBBB} = {C836284C-FE91-46FF-9271-52D009270C48}
		{CF515D09-06A1-423A-A9AA-2A9317A54462} = {CEB3D2B4-F9FA-4872-B890-815ED0BF554F}
		{29DEB290-F1BF-473F-8367-F98F866E0AD8} = {CEB3D2B4-F9FA-4872-B890-815ED0BF554F}
		{D29388F0-E530-41A2-8627-9240A0B5F0D6} = {CEB3D2B4-F9FA-4872-B890-815ED0BF554F}
		{EBA6007E-BFAF-4043-A833-62D159049550} = {CEB3D2B4-F9FA-4872-B890-815ED0BF554F}
		{AE77C372-CD15-4B18-BDE6-47B5E3AD7F15} = {C836284C-FE91-46FF-9271-52D009270C48}
	EndGlobalSection
EndGlobal
