
Microsoft Visual Studio Solution File, Format Version 12.00
Project("{FAE04EC0-301F-11D3-BF4B-00C04F79EFBC}") = "WebApp", "WebApp\WebApp.csproj", "{EBA6007E-BFAF-4043-A833-62D159049550}"
EndProject
Project("{FAE04EC0-301F-11D3-BF4B-00C04F79EFBC}") = "DAL.App.EF", "DAL.App.EF\DAL.App.EF.csproj", "{29DEB290-F1BF-473F-8367-F98F866E0AD8}"
EndProject
Project("{FAE04EC0-301F-11D3-BF4B-00C04F79EFBC}") = "Contracts.DAL.Base", "Contracts.DAL.Base\Contracts.DAL.Base.csproj", "{EDAE7AC6-6894-40BB-B971-FCD40D4F88B3}"
EndProject
Project("{FAE04EC0-301F-11D3-BF4B-00C04F79EFBC}") = "Contracts.Domain.Base", "Contracts.Domain.Base\Contracts.Domain.Base.csproj", "{045B8CC4-1108-4DE4-B530-1DD4C63F9522}"
EndProject
Project("{FAE04EC0-301F-11D3-BF4B-00C04F79EFBC}") = "DAL.Base.EF", "DAL.Base.EF\DAL.Base.EF.csproj", "{2B679F90-220F-478E-A086-C6B569E79CA4}"
EndProject
Project("{FAE04EC0-301F-11D3-BF4B-00C04F79EFBC}") = "Domain.App", "Domain.App\Domain.App.csproj", "{D29388F0-E530-41A2-8627-9240A0B5F0D6}"
EndProject
Project("{FAE04EC0-301F-11D3-BF4B-00C04F79EFBC}") = "Domain.Base", "Domain.Base\Domain.Base.csproj", "{D5610A72-78BE-49EC-B668-07B040CCEBBB}"
EndProject
Project("{FAE04EC0-301F-11D3-BF4B-00C04F79EFBC}") = "Contracts.DAL.App", "Contracts.DAL.App\Contracts.DAL.App.csproj", "{CF515D09-06A1-423A-A9AA-2A9317A54462}"
EndProject
Project("{2150E333-8FDC-42A3-9474-1A3956D46DE8}") = "App", "App", "{CEB3D2B4-F9FA-4872-B890-815ED0BF554F}"
EndProject
Project("{2150E333-8FDC-42A3-9474-1A3956D46DE8}") = "Base", "Base", "{C836284C-FE91-46FF-9271-52D009270C48}"
EndProject
Project("{FAE04EC0-301F-11D3-BF4B-00C04F79EFBC}") = "DAL.Base", "DAL.Base\DAL.Base.csproj", "{AE77C372-CD15-4B18-BDE6-47B5E3AD7F15}"
EndProject
Project("{FAE04EC0-301F-11D3-BF4B-00C04F79EFBC}") = "Extensions.Base", "Extensions.Base\Extensions.Base.csproj", "{E7174F0C-C174-4F55-A015-2DC37CE31827}"
EndProject
Project("{FAE04EC0-301F-11D3-BF4B-00C04F79EFBC}") = "Contracts.BLL.Base", "Contracts.BLL.Base\Contracts.BLL.Base.csproj", "{9789352C-4A93-4DB2-90B2-938E0CFB9C74}"
EndProject
Project("{FAE04EC0-301F-11D3-BF4B-00C04F79EFBC}") = "BLL.Base", "BLL.Base\BLL.Base.csproj", "{0AEE0F60-55EC-4291-A045-38BA5D3570CE}"
EndProject
Project("{FAE04EC0-301F-11D3-BF4B-00C04F79EFBC}") = "BLL.App.DTO", "BLL.App.DTO\BLL.App.DTO.csproj", "{55F92DAE-94CA-47F1-A28A-CC0931E3C20E}"
EndProject
Project("{FAE04EC0-301F-11D3-BF4B-00C04F79EFBC}") = "Contracts.BLL.App", "Contracts.BLL.App\Contracts.BLL.App.csproj", "{47521E03-4AAB-4F23-A97C-F29D5599BD83}"
EndProject
Project("{FAE04EC0-301F-11D3-BF4B-00C04F79EFBC}") = "BLL.App", "BLL.App\BLL.App.csproj", "{B3C46565-223C-48CD-A3E5-FA75BA2868F4}"
EndProject
Project("{FAE04EC0-301F-11D3-BF4B-00C04F79EFBC}") = "DAL.App.DTO", "DAL.App.DTO\DAL.App.DTO.csproj", "{63B217E1-C02F-4E38-861A-539EC1DA88B0}"
EndProject
Project("{FAE04EC0-301F-11D3-BF4B-00C04F79EFBC}") = "PublicApi.DTO.v1", "PublicApi.DTO.v1\PublicApi.DTO.v1.csproj", "{8E7DF3E6-1282-465B-92C4-8C43A3E47F01}"
EndProject
Project("{FAE04EC0-301F-11D3-BF4B-00C04F79EFBC}") = "Resources", "Resources\Resources.csproj", "{88C34CEB-A3FB-408D-9881-1B18247396E3}"
EndProject
Project("{FAE04EC0-301F-11D3-BF4B-00C04F79EFBC}") = "Resources.Base", "Resources.Base\Resources.Base.csproj", "{830B132E-502C-46AD-8B5B-28705D040C7E}"
EndProject
Project("{2150E333-8FDC-42A3-9474-1A3956D46DE8}") = "Solution Items", "Solution Items", "{42BB6843-FA8C-4047-B36C-8CBB067C1217}"
ProjectSection(SolutionItems) = preProject
	Dockerfile = Dockerfile
	.dockerignore = .dockerignore
EndProjectSection
EndProject
Project("{2150E333-8FDC-42A3-9474-1A3956D46DE8}") = "Tests", "Tests", "{64E2F85C-E779-4708-9622-54E54F469E98}"
EndProject
Project("{FAE04EC0-301F-11D3-BF4B-00C04F79EFBC}") = "TestProject", "TestProject\TestProject.csproj", "{1B8909A1-F927-4EB6-8FDE-C70FC1A8C85C}"
EndProject
Global
	GlobalSection(SolutionConfigurationPlatforms) = preSolution
		Debug|Any CPU = Debug|Any CPU
		Release|Any CPU = Release|Any CPU
	EndGlobalSection
	GlobalSection(ProjectConfigurationPlatforms) = postSolution
		{EBA6007E-BFAF-4043-A833-62D159049550}.Debug|Any CPU.ActiveCfg = Debug|Any CPU
		{EBA6007E-BFAF-4043-A833-62D159049550}.Debug|Any CPU.Build.0 = Debug|Any CPU
		{EBA6007E-BFAF-4043-A833-62D159049550}.Release|Any CPU.ActiveCfg = Release|Any CPU
		{EBA6007E-BFAF-4043-A833-62D159049550}.Release|Any CPU.Build.0 = Release|Any CPU
		{29DEB290-F1BF-473F-8367-F98F866E0AD8}.Debug|Any CPU.ActiveCfg = Debug|Any CPU
		{29DEB290-F1BF-473F-8367-F98F866E0AD8}.Debug|Any CPU.Build.0 = Debug|Any CPU
		{29DEB290-F1BF-473F-8367-F98F866E0AD8}.Release|Any CPU.ActiveCfg = Release|Any CPU
		{29DEB290-F1BF-473F-8367-F98F866E0AD8}.Release|Any CPU.Build.0 = Release|Any CPU
		{EDAE7AC6-6894-40BB-B971-FCD40D4F88B3}.Debug|Any CPU.ActiveCfg = Debug|Any CPU
		{EDAE7AC6-6894-40BB-B971-FCD40D4F88B3}.Debug|Any CPU.Build.0 = Debug|Any CPU
		{EDAE7AC6-6894-40BB-B971-FCD40D4F88B3}.Release|Any CPU.ActiveCfg = Release|Any CPU
		{EDAE7AC6-6894-40BB-B971-FCD40D4F88B3}.Release|Any CPU.Build.0 = Release|Any CPU
		{045B8CC4-1108-4DE4-B530-1DD4C63F9522}.Debug|Any CPU.ActiveCfg = Debug|Any CPU
		{045B8CC4-1108-4DE4-B530-1DD4C63F9522}.Debug|Any CPU.Build.0 = Debug|Any CPU
		{045B8CC4-1108-4DE4-B530-1DD4C63F9522}.Release|Any CPU.ActiveCfg = Release|Any CPU
		{045B8CC4-1108-4DE4-B530-1DD4C63F9522}.Release|Any CPU.Build.0 = Release|Any CPU
		{2B679F90-220F-478E-A086-C6B569E79CA4}.Debug|Any CPU.ActiveCfg = Debug|Any CPU
		{2B679F90-220F-478E-A086-C6B569E79CA4}.Debug|Any CPU.Build.0 = Debug|Any CPU
		{2B679F90-220F-478E-A086-C6B569E79CA4}.Release|Any CPU.ActiveCfg = Release|Any CPU
		{2B679F90-220F-478E-A086-C6B569E79CA4}.Release|Any CPU.Build.0 = Release|Any CPU
		{D29388F0-E530-41A2-8627-9240A0B5F0D6}.Debug|Any CPU.ActiveCfg = Debug|Any CPU
		{D29388F0-E530-41A2-8627-9240A0B5F0D6}.Debug|Any CPU.Build.0 = Debug|Any CPU
		{D29388F0-E530-41A2-8627-9240A0B5F0D6}.Release|Any CPU.ActiveCfg = Release|Any CPU
		{D29388F0-E530-41A2-8627-9240A0B5F0D6}.Release|Any CPU.Build.0 = Release|Any CPU
		{D5610A72-78BE-49EC-B668-07B040CCEBBB}.Debug|Any CPU.ActiveCfg = Debug|Any CPU
		{D5610A72-78BE-49EC-B668-07B040CCEBBB}.Debug|Any CPU.Build.0 = Debug|Any CPU
		{D5610A72-78BE-49EC-B668-07B040CCEBBB}.Release|Any CPU.ActiveCfg = Release|Any CPU
		{D5610A72-78BE-49EC-B668-07B040CCEBBB}.Release|Any CPU.Build.0 = Release|Any CPU
		{CF515D09-06A1-423A-A9AA-2A9317A54462}.Debug|Any CPU.ActiveCfg = Debug|Any CPU
		{CF515D09-06A1-423A-A9AA-2A9317A54462}.Debug|Any CPU.Build.0 = Debug|Any CPU
		{CF515D09-06A1-423A-A9AA-2A9317A54462}.Release|Any CPU.ActiveCfg = Release|Any CPU
		{CF515D09-06A1-423A-A9AA-2A9317A54462}.Release|Any CPU.Build.0 = Release|Any CPU
		{AE77C372-CD15-4B18-BDE6-47B5E3AD7F15}.Debug|Any CPU.ActiveCfg = Debug|Any CPU
		{AE77C372-CD15-4B18-BDE6-47B5E3AD7F15}.Debug|Any CPU.Build.0 = Debug|Any CPU
		{AE77C372-CD15-4B18-BDE6-47B5E3AD7F15}.Release|Any CPU.ActiveCfg = Release|Any CPU
		{AE77C372-CD15-4B18-BDE6-47B5E3AD7F15}.Release|Any CPU.Build.0 = Release|Any CPU
		{E7174F0C-C174-4F55-A015-2DC37CE31827}.Debug|Any CPU.ActiveCfg = Debug|Any CPU
		{E7174F0C-C174-4F55-A015-2DC37CE31827}.Debug|Any CPU.Build.0 = Debug|Any CPU
		{E7174F0C-C174-4F55-A015-2DC37CE31827}.Release|Any CPU.ActiveCfg = Release|Any CPU
		{E7174F0C-C174-4F55-A015-2DC37CE31827}.Release|Any CPU.Build.0 = Release|Any CPU
		{9789352C-4A93-4DB2-90B2-938E0CFB9C74}.Debug|Any CPU.ActiveCfg = Debug|Any CPU
		{9789352C-4A93-4DB2-90B2-938E0CFB9C74}.Debug|Any CPU.Build.0 = Debug|Any CPU
		{9789352C-4A93-4DB2-90B2-938E0CFB9C74}.Release|Any CPU.ActiveCfg = Release|Any CPU
		{9789352C-4A93-4DB2-90B2-938E0CFB9C74}.Release|Any CPU.Build.0 = Release|Any CPU
		{0AEE0F60-55EC-4291-A045-38BA5D3570CE}.Debug|Any CPU.ActiveCfg = Debug|Any CPU
		{0AEE0F60-55EC-4291-A045-38BA5D3570CE}.Debug|Any CPU.Build.0 = Debug|Any CPU
		{0AEE0F60-55EC-4291-A045-38BA5D3570CE}.Release|Any CPU.ActiveCfg = Release|Any CPU
		{0AEE0F60-55EC-4291-A045-38BA5D3570CE}.Release|Any CPU.Build.0 = Release|Any CPU
		{55F92DAE-94CA-47F1-A28A-CC0931E3C20E}.Debug|Any CPU.ActiveCfg = Debug|Any CPU
		{55F92DAE-94CA-47F1-A28A-CC0931E3C20E}.Debug|Any CPU.Build.0 = Debug|Any CPU
		{55F92DAE-94CA-47F1-A28A-CC0931E3C20E}.Release|Any CPU.ActiveCfg = Release|Any CPU
		{55F92DAE-94CA-47F1-A28A-CC0931E3C20E}.Release|Any CPU.Build.0 = Release|Any CPU
		{47521E03-4AAB-4F23-A97C-F29D5599BD83}.Debug|Any CPU.ActiveCfg = Debug|Any CPU
		{47521E03-4AAB-4F23-A97C-F29D5599BD83}.Debug|Any CPU.Build.0 = Debug|Any CPU
		{47521E03-4AAB-4F23-A97C-F29D5599BD83}.Release|Any CPU.ActiveCfg = Release|Any CPU
		{47521E03-4AAB-4F23-A97C-F29D5599BD83}.Release|Any CPU.Build.0 = Release|Any CPU
		{B3C46565-223C-48CD-A3E5-FA75BA2868F4}.Debug|Any CPU.ActiveCfg = Debug|Any CPU
		{B3C46565-223C-48CD-A3E5-FA75BA2868F4}.Debug|Any CPU.Build.0 = Debug|Any CPU
		{B3C46565-223C-48CD-A3E5-FA75BA2868F4}.Release|Any CPU.ActiveCfg = Release|Any CPU
		{B3C46565-223C-48CD-A3E5-FA75BA2868F4}.Release|Any CPU.Build.0 = Release|Any CPU
		{63B217E1-C02F-4E38-861A-539EC1DA88B0}.Debug|Any CPU.ActiveCfg = Debug|Any CPU
		{63B217E1-C02F-4E38-861A-539EC1DA88B0}.Debug|Any CPU.Build.0 = Debug|Any CPU
		{63B217E1-C02F-4E38-861A-539EC1DA88B0}.Release|Any CPU.ActiveCfg = Release|Any CPU
		{63B217E1-C02F-4E38-861A-539EC1DA88B0}.Release|Any CPU.Build.0 = Release|Any CPU
		{8E7DF3E6-1282-465B-92C4-8C43A3E47F01}.Debug|Any CPU.ActiveCfg = Debug|Any CPU
		{8E7DF3E6-1282-465B-92C4-8C43A3E47F01}.Debug|Any CPU.Build.0 = Debug|Any CPU
		{8E7DF3E6-1282-465B-92C4-8C43A3E47F01}.Release|Any CPU.ActiveCfg = Release|Any CPU
		{8E7DF3E6-1282-465B-92C4-8C43A3E47F01}.Release|Any CPU.Build.0 = Release|Any CPU
		{88C34CEB-A3FB-408D-9881-1B18247396E3}.Debug|Any CPU.ActiveCfg = Debug|Any CPU
		{88C34CEB-A3FB-408D-9881-1B18247396E3}.Debug|Any CPU.Build.0 = Debug|Any CPU
		{88C34CEB-A3FB-408D-9881-1B18247396E3}.Release|Any CPU.ActiveCfg = Release|Any CPU
		{88C34CEB-A3FB-408D-9881-1B18247396E3}.Release|Any CPU.Build.0 = Release|Any CPU
		{830B132E-502C-46AD-8B5B-28705D040C7E}.Debug|Any CPU.ActiveCfg = Debug|Any CPU
		{830B132E-502C-46AD-8B5B-28705D040C7E}.Debug|Any CPU.Build.0 = Debug|Any CPU
		{830B132E-502C-46AD-8B5B-28705D040C7E}.Release|Any CPU.ActiveCfg = Release|Any CPU
		{830B132E-502C-46AD-8B5B-28705D040C7E}.Release|Any CPU.Build.0 = Release|Any CPU
		{1B8909A1-F927-4EB6-8FDE-C70FC1A8C85C}.Debug|Any CPU.ActiveCfg = Debug|Any CPU
		{1B8909A1-F927-4EB6-8FDE-C70FC1A8C85C}.Debug|Any CPU.Build.0 = Debug|Any CPU
		{1B8909A1-F927-4EB6-8FDE-C70FC1A8C85C}.Release|Any CPU.ActiveCfg = Release|Any CPU
		{1B8909A1-F927-4EB6-8FDE-C70FC1A8C85C}.Release|Any CPU.Build.0 = Release|Any CPU
	EndGlobalSection
	GlobalSection(NestedProjects) = preSolution
		{EDAE7AC6-6894-40BB-B971-FCD40D4F88B3} = {C836284C-FE91-46FF-9271-52D009270C48}
		{045B8CC4-1108-4DE4-B530-1DD4C63F9522} = {C836284C-FE91-46FF-9271-52D009270C48}
		{2B679F90-220F-478E-A086-C6B569E79CA4} = {C836284C-FE91-46FF-9271-52D009270C48}
		{D5610A72-78BE-49EC-B668-07B040CCEBBB} = {C836284C-FE91-46FF-9271-52D009270C48}
		{CF515D09-06A1-423A-A9AA-2A9317A54462} = {CEB3D2B4-F9FA-4872-B890-815ED0BF554F}
		{29DEB290-F1BF-473F-8367-F98F866E0AD8} = {CEB3D2B4-F9FA-4872-B890-815ED0BF554F}
		{D29388F0-E530-41A2-8627-9240A0B5F0D6} = {CEB3D2B4-F9FA-4872-B890-815ED0BF554F}
		{EBA6007E-BFAF-4043-A833-62D159049550} = {CEB3D2B4-F9FA-4872-B890-815ED0BF554F}
		{AE77C372-CD15-4B18-BDE6-47B5E3AD7F15} = {C836284C-FE91-46FF-9271-52D009270C48}
		{E7174F0C-C174-4F55-A015-2DC37CE31827} = {C836284C-FE91-46FF-9271-52D009270C48}
		{9789352C-4A93-4DB2-90B2-938E0CFB9C74} = {C836284C-FE91-46FF-9271-52D009270C48}
		{0AEE0F60-55EC-4291-A045-38BA5D3570CE} = {C836284C-FE91-46FF-9271-52D009270C48}
		{55F92DAE-94CA-47F1-A28A-CC0931E3C20E} = {CEB3D2B4-F9FA-4872-B890-815ED0BF554F}
		{47521E03-4AAB-4F23-A97C-F29D5599BD83} = {CEB3D2B4-F9FA-4872-B890-815ED0BF554F}
		{B3C46565-223C-48CD-A3E5-FA75BA2868F4} = {CEB3D2B4-F9FA-4872-B890-815ED0BF554F}
		{63B217E1-C02F-4E38-861A-539EC1DA88B0} = {CEB3D2B4-F9FA-4872-B890-815ED0BF554F}
		{8E7DF3E6-1282-465B-92C4-8C43A3E47F01} = {CEB3D2B4-F9FA-4872-B890-815ED0BF554F}
		{88C34CEB-A3FB-408D-9881-1B18247396E3} = {CEB3D2B4-F9FA-4872-B890-815ED0BF554F}
		{830B132E-502C-46AD-8B5B-28705D040C7E} = {C836284C-FE91-46FF-9271-52D009270C48}
		{1B8909A1-F927-4EB6-8FDE-C70FC1A8C85C} = {64E2F85C-E779-4708-9622-54E54F469E98}
	EndGlobalSection
EndGlobal
