
Microsoft Visual Studio Solution File, Format Version 12.00
Project("{FAE04EC0-301F-11D3-BF4B-00C04F79EFBC}") = "WebApp", "WebApp\WebApp.csproj", "{EB3F3CB2-94E1-488F-9F7C-85312904CCDD}"
EndProject
Project("{FAE04EC0-301F-11D3-BF4B-00C04F79EFBC}") = "Contracts.DAL.App", "Contracts.DAL.App\Contracts.DAL.App.csproj", "{DF840667-CA93-4258-B458-5758C1576D61}"
EndProject
Project("{FAE04EC0-301F-11D3-BF4B-00C04F79EFBC}") = "Contracts.DAL.Base", "Contracts.DAL.Base\Contracts.DAL.Base.csproj", "{2F04D7EA-2287-4D8B-B9D6-9E672D7E3DDD}"
EndProject
Project("{FAE04EC0-301F-11D3-BF4B-00C04F79EFBC}") = "Contracts.Domain.Base", "Contracts.Domain.Base\Contracts.Domain.Base.csproj", "{CF23A01F-60ED-4828-AC0B-A8EB3C12D78A}"
EndProject
Project("{FAE04EC0-301F-11D3-BF4B-00C04F79EFBC}") = "DAL.App.DTO", "DAL.App.DTO\DAL.App.DTO.csproj", "{E98F5674-BAF6-4B57-B1BC-63B6B2F59976}"
EndProject
Project("{FAE04EC0-301F-11D3-BF4B-00C04F79EFBC}") = "DAL.App.EF", "DAL.App.EF\DAL.App.EF.csproj", "{89F09B41-DAC6-43B8-B30B-99CE18F234F0}"
EndProject
Project("{FAE04EC0-301F-11D3-BF4B-00C04F79EFBC}") = "DAL.Base", "DAL.Base\DAL.Base.csproj", "{A81E5AAD-6306-4641-B76F-3FDF85834480}"
EndProject
Project("{FAE04EC0-301F-11D3-BF4B-00C04F79EFBC}") = "DAL.Base.EF", "DAL.Base.EF\DAL.Base.EF.csproj", "{1E7A45EF-7081-43B4-B3DF-9F2723C9DB64}"
EndProject
Project("{FAE04EC0-301F-11D3-BF4B-00C04F79EFBC}") = "Domain.Base", "Domain.Base\Domain.Base.csproj", "{26E9F5B8-9010-4526-8898-E72855A17230}"
EndProject
Project("{FAE04EC0-301F-11D3-BF4B-00C04F79EFBC}") = "Domain.App", "Domain.App\Domain.App.csproj", "{0B1F5482-C4A1-4EFA-A6D2-A657EC32196C}"
EndProject
Project("{FAE04EC0-301F-11D3-BF4B-00C04F79EFBC}") = "Extensions.Base", "Extensions.Base\Extensions.Base.csproj", "{E2AEBD17-2CA9-47C7-BCCB-FA8E71B99AD2}"
EndProject
Project("{2150E333-8FDC-42A3-9474-1A3956D46DE8}") = "Base", "Base", "{5A4628D9-D22D-4681-BA1C-BB3181B8801C}"
EndProject
Global
	GlobalSection(SolutionConfigurationPlatforms) = preSolution
		Debug|Any CPU = Debug|Any CPU
		Release|Any CPU = Release|Any CPU
	EndGlobalSection
	GlobalSection(ProjectConfigurationPlatforms) = postSolution
		{EB3F3CB2-94E1-488F-9F7C-85312904CCDD}.Debug|Any CPU.ActiveCfg = Debug|Any CPU
		{EB3F3CB2-94E1-488F-9F7C-85312904CCDD}.Debug|Any CPU.Build.0 = Debug|Any CPU
		{EB3F3CB2-94E1-488F-9F7C-85312904CCDD}.Release|Any CPU.ActiveCfg = Release|Any CPU
		{EB3F3CB2-94E1-488F-9F7C-85312904CCDD}.Release|Any CPU.Build.0 = Release|Any CPU
		{DF840667-CA93-4258-B458-5758C1576D61}.Debug|Any CPU.ActiveCfg = Debug|Any CPU
		{DF840667-CA93-4258-B458-5758C1576D61}.Debug|Any CPU.Build.0 = Debug|Any CPU
		{DF840667-CA93-4258-B458-5758C1576D61}.Release|Any CPU.ActiveCfg = Release|Any CPU
		{DF840667-CA93-4258-B458-5758C1576D61}.Release|Any CPU.Build.0 = Release|Any CPU
		{2F04D7EA-2287-4D8B-B9D6-9E672D7E3DDD}.Debug|Any CPU.ActiveCfg = Debug|Any CPU
		{2F04D7EA-2287-4D8B-B9D6-9E672D7E3DDD}.Debug|Any CPU.Build.0 = Debug|Any CPU
		{2F04D7EA-2287-4D8B-B9D6-9E672D7E3DDD}.Release|Any CPU.ActiveCfg = Release|Any CPU
		{2F04D7EA-2287-4D8B-B9D6-9E672D7E3DDD}.Release|Any CPU.Build.0 = Release|Any CPU
		{CF23A01F-60ED-4828-AC0B-A8EB3C12D78A}.Debug|Any CPU.ActiveCfg = Debug|Any CPU
		{CF23A01F-60ED-4828-AC0B-A8EB3C12D78A}.Debug|Any CPU.Build.0 = Debug|Any CPU
		{CF23A01F-60ED-4828-AC0B-A8EB3C12D78A}.Release|Any CPU.ActiveCfg = Release|Any CPU
		{CF23A01F-60ED-4828-AC0B-A8EB3C12D78A}.Release|Any CPU.Build.0 = Release|Any CPU
		{E98F5674-BAF6-4B57-B1BC-63B6B2F59976}.Debug|Any CPU.ActiveCfg = Debug|Any CPU
		{E98F5674-BAF6-4B57-B1BC-63B6B2F59976}.Debug|Any CPU.Build.0 = Debug|Any CPU
		{E98F5674-BAF6-4B57-B1BC-63B6B2F59976}.Release|Any CPU.ActiveCfg = Release|Any CPU
		{E98F5674-BAF6-4B57-B1BC-63B6B2F59976}.Release|Any CPU.Build.0 = Release|Any CPU
		{89F09B41-DAC6-43B8-B30B-99CE18F234F0}.Debug|Any CPU.ActiveCfg = Debug|Any CPU
		{89F09B41-DAC6-43B8-B30B-99CE18F234F0}.Debug|Any CPU.Build.0 = Debug|Any CPU
		{89F09B41-DAC6-43B8-B30B-99CE18F234F0}.Release|Any CPU.ActiveCfg = Release|Any CPU
		{89F09B41-DAC6-43B8-B30B-99CE18F234F0}.Release|Any CPU.Build.0 = Release|Any CPU
		{A81E5AAD-6306-4641-B76F-3FDF85834480}.Debug|Any CPU.ActiveCfg = Debug|Any CPU
		{A81E5AAD-6306-4641-B76F-3FDF85834480}.Debug|Any CPU.Build.0 = Debug|Any CPU
		{A81E5AAD-6306-4641-B76F-3FDF85834480}.Release|Any CPU.ActiveCfg = Release|Any CPU
		{A81E5AAD-6306-4641-B76F-3FDF85834480}.Release|Any CPU.Build.0 = Release|Any CPU
		{1E7A45EF-7081-43B4-B3DF-9F2723C9DB64}.Debug|Any CPU.ActiveCfg = Debug|Any CPU
		{1E7A45EF-7081-43B4-B3DF-9F2723C9DB64}.Debug|Any CPU.Build.0 = Debug|Any CPU
		{1E7A45EF-7081-43B4-B3DF-9F2723C9DB64}.Release|Any CPU.ActiveCfg = Release|Any CPU
		{1E7A45EF-7081-43B4-B3DF-9F2723C9DB64}.Release|Any CPU.Build.0 = Release|Any CPU
		{26E9F5B8-9010-4526-8898-E72855A17230}.Debug|Any CPU.ActiveCfg = Debug|Any CPU
		{26E9F5B8-9010-4526-8898-E72855A17230}.Debug|Any CPU.Build.0 = Debug|Any CPU
		{26E9F5B8-9010-4526-8898-E72855A17230}.Release|Any CPU.ActiveCfg = Release|Any CPU
		{26E9F5B8-9010-4526-8898-E72855A17230}.Release|Any CPU.Build.0 = Release|Any CPU
		{0B1F5482-C4A1-4EFA-A6D2-A657EC32196C}.Debug|Any CPU.ActiveCfg = Debug|Any CPU
		{0B1F5482-C4A1-4EFA-A6D2-A657EC32196C}.Debug|Any CPU.Build.0 = Debug|Any CPU
		{0B1F5482-C4A1-4EFA-A6D2-A657EC32196C}.Release|Any CPU.ActiveCfg = Release|Any CPU
		{0B1F5482-C4A1-4EFA-A6D2-A657EC32196C}.Release|Any CPU.Build.0 = Release|Any CPU
		{E2AEBD17-2CA9-47C7-BCCB-FA8E71B99AD2}.Debug|Any CPU.ActiveCfg = Debug|Any CPU
		{E2AEBD17-2CA9-47C7-BCCB-FA8E71B99AD2}.Debug|Any CPU.Build.0 = Debug|Any CPU
		{E2AEBD17-2CA9-47C7-BCCB-FA8E71B99AD2}.Release|Any CPU.ActiveCfg = Release|Any CPU
		{E2AEBD17-2CA9-47C7-BCCB-FA8E71B99AD2}.Release|Any CPU.Build.0 = Release|Any CPU
	EndGlobalSection
	GlobalSection(NestedProjects) = preSolution
		{2F04D7EA-2287-4D8B-B9D6-9E672D7E3DDD} = {5A4628D9-D22D-4681-BA1C-BB3181B8801C}
		{CF23A01F-60ED-4828-AC0B-A8EB3C12D78A} = {5A4628D9-D22D-4681-BA1C-BB3181B8801C}
		{26E9F5B8-9010-4526-8898-E72855A17230} = {5A4628D9-D22D-4681-BA1C-BB3181B8801C}
		{E2AEBD17-2CA9-47C7-BCCB-FA8E71B99AD2} = {5A4628D9-D22D-4681-BA1C-BB3181B8801C}
		{A81E5AAD-6306-4641-B76F-3FDF85834480} = {5A4628D9-D22D-4681-BA1C-BB3181B8801C}
		{1E7A45EF-7081-43B4-B3DF-9F2723C9DB64} = {5A4628D9-D22D-4681-BA1C-BB3181B8801C}
	EndGlobalSection
EndGlobal
